
Microsoft Visual Studio Solution File, Format Version 12.00
# Visual Studio Version 17
VisualStudioVersion = 17.10.34928.147
MinimumVisualStudioVersion = 10.0.40219.1
Project("{8BC9CEB8-8B4A-11D0-8D11-00A0C91BC942}") = "CS201L-Lab2b", "CS201L-Lab2b\CS201L-Lab2b.vcxproj", "{AAA604AD-CDC3-4AE1-A4C0-CEC93BEEB613}"
EndProject
Global
	GlobalSection(SolutionConfigurationPlatforms) = preSolution
		Debug|x64 = Debug|x64
		Debug|x86 = Debug|x86
		Release|x64 = Release|x64
		Release|x86 = Release|x86
	EndGlobalSection
	GlobalSection(ProjectConfigurationPlatforms) = postSolution
		{AAA604AD-CDC3-4AE1-A4C0-CEC93BEEB613}.Debug|x64.ActiveCfg = Debug|x64
		{AAA604AD-CDC3-4AE1-A4C0-CEC93BEEB613}.Debug|x64.Build.0 = Debug|x64
		{AAA604AD-CDC3-4AE1-A4C0-CEC93BEEB613}.Debug|x86.ActiveCfg = Debug|Win32
		{AAA604AD-CDC3-4AE1-A4C0-CEC93BEEB613}.Debug|x86.Build.0 = Debug|Win32
		{AAA604AD-CDC3-4AE1-A4C0-CEC93BEEB613}.Release|x64.ActiveCfg = Release|x64
		{AAA604AD-CDC3-4AE1-A4C0-CEC93BEEB613}.Release|x64.Build.0 = Release|x64
		{AAA604AD-CDC3-4AE1-A4C0-CEC93BEEB613}.Release|x86.ActiveCfg = Release|Win32
		{AAA604AD-CDC3-4AE1-A4C0-CEC93BEEB613}.Release|x86.Build.0 = Release|Win32
	EndGlobalSection
	GlobalSection(SolutionProperties) = preSolution
		HideSolutionNode = FALSE
	EndGlobalSection
	GlobalSection(ExtensibilityGlobals) = postSolution
		SolutionGuid = {09587ED4-5D98-4C7E-84D4-8F7B5E75C1A2}
	EndGlobalSection
EndGlobal
